
Microsoft Visual Studio Solution File, Format Version 12.00
# Visual Studio 15
VisualStudioVersion = 15.0.28010.2003
MinimumVisualStudioVersion = 10.0.40219.1
Project("{FAE04EC0-301F-11D3-BF4B-00C04F79EFBC}") = "RabbitMQSimpleSetup", "RabbitMQSimpleSetup\RabbitMQSimpleSetup.csproj", "{DA81AA62-189F-44A8-92AA-DEE0D7552BB3}"
EndProject
Global
	GlobalSection(SolutionConfigurationPlatforms) = preSolution
		Debug|Any CPU = Debug|Any CPU
		Release|Any CPU = Release|Any CPU
	EndGlobalSection
	GlobalSection(ProjectConfigurationPlatforms) = postSolution
		{DA81AA62-189F-44A8-92AA-DEE0D7552BB3}.Debug|Any CPU.ActiveCfg = Debug|Any CPU
		{DA81AA62-189F-44A8-92AA-DEE0D7552BB3}.Debug|Any CPU.Build.0 = Debug|Any CPU
		{DA81AA62-189F-44A8-92AA-DEE0D7552BB3}.Release|Any CPU.ActiveCfg = Release|Any CPU
		{DA81AA62-189F-44A8-92AA-DEE0D7552BB3}.Release|Any CPU.Build.0 = Release|Any CPU
	EndGlobalSection
	GlobalSection(SolutionProperties) = preSolution
		HideSolutionNode = FALSE
	EndGlobalSection
	GlobalSection(ExtensibilityGlobals) = postSolution
		SolutionGuid = {E4B28197-16AB-4E6B-B2AF-BCC8B8AC8C1D}
	EndGlobalSection
EndGlobal
